
Microsoft Visual Studio Solution File, Format Version 12.00
# Visual Studio Version 17
VisualStudioVersion = 17.11.35312.102
MinimumVisualStudioVersion = 10.0.40219.1
Project("{9A19103F-16F7-4668-BE54-9A1E7A4F7556}") = "DimonSmart.WebScraper", "DimonSmart.WebScraper\DimonSmart.WebScraper.csproj", "{AE9EE8C5-EBE6-438D-ADF7-073F1A7E60EB}"
EndProject
Project("{9A19103F-16F7-4668-BE54-9A1E7A4F7556}") = "DimonSmart.WebScraper.Tests", "DimonSmart.WebScraper.Tests\DimonSmart.WebScraper.Tests.csproj", "{AF43A971-8B4E-4B9E-83C2-120B1375D3C5}"
EndProject
Project("{FAE04EC0-301F-11D3-BF4B-00C04F79EFBC}") = "DimonSmart.WebScraper.Console", "DimonSmart.WebScraper.Console\DimonSmart.WebScraper.Console.csproj", "{505BD32E-24F1-4706-A3BD-19D4BBE6A421}"
EndProject
Global
	GlobalSection(SolutionConfigurationPlatforms) = preSolution
		Debug|Any CPU = Debug|Any CPU
		Release|Any CPU = Release|Any CPU
	EndGlobalSection
	GlobalSection(ProjectConfigurationPlatforms) = postSolution
		{AE9EE8C5-EBE6-438D-ADF7-073F1A7E60EB}.Debug|Any CPU.ActiveCfg = Debug|Any CPU
		{AE9EE8C5-EBE6-438D-ADF7-073F1A7E60EB}.Debug|Any CPU.Build.0 = Debug|Any CPU
		{AE9EE8C5-EBE6-438D-ADF7-073F1A7E60EB}.Release|Any CPU.ActiveCfg = Release|Any CPU
		{AE9EE8C5-EBE6-438D-ADF7-073F1A7E60EB}.Release|Any CPU.Build.0 = Release|Any CPU
		{AF43A971-8B4E-4B9E-83C2-120B1375D3C5}.Debug|Any CPU.ActiveCfg = Debug|Any CPU
		{AF43A971-8B4E-4B9E-83C2-120B1375D3C5}.Debug|Any CPU.Build.0 = Debug|Any CPU
		{AF43A971-8B4E-4B9E-83C2-120B1375D3C5}.Release|Any CPU.ActiveCfg = Release|Any CPU
		{AF43A971-8B4E-4B9E-83C2-120B1375D3C5}.Release|Any CPU.Build.0 = Release|Any CPU
		{505BD32E-24F1-4706-A3BD-19D4BBE6A421}.Debug|Any CPU.ActiveCfg = Debug|Any CPU
		{505BD32E-24F1-4706-A3BD-19D4BBE6A421}.Debug|Any CPU.Build.0 = Debug|Any CPU
		{505BD32E-24F1-4706-A3BD-19D4BBE6A421}.Release|Any CPU.ActiveCfg = Release|Any CPU
		{505BD32E-24F1-4706-A3BD-19D4BBE6A421}.Release|Any CPU.Build.0 = Release|Any CPU
	EndGlobalSection
	GlobalSection(SolutionProperties) = preSolution
		HideSolutionNode = FALSE
	EndGlobalSection
	GlobalSection(ExtensibilityGlobals) = postSolution
		SolutionGuid = {3D85CECE-E87B-4C20-9DDF-923F82AA2DDC}
	EndGlobalSection
EndGlobal
